// !$*UTF8*$!
{
	archiveVersion = 1;
	classes = {
	};
	objectVersion = 77;
	objects = {

/* Begin PBXContainerItemProxy section */
		C96935562EF8C3010016F3D1 /* PBXContainerItemProxy */ = {
			isa = PBXContainerItemProxy;
			containerPortal = C96935402EF8C2FF0016F3D1 /* Project object */;
			proxyType = 1;
			remoteGlobalIDString = C96935472EF8C2FF0016F3D1;
			remoteInfo = "CDC-2010R";
		};
		C96935602EF8C3010016F3D1 /* PBXContainerItemProxy */ = {
			isa = PBXContainerItemProxy;
			containerPortal = C96935402EF8C2FF0016F3D1 /* Project object */;
			proxyType = 1;
			remoteGlobalIDString = C96935472EF8C2FF0016F3D1;
			remoteInfo = "CDC-2010R";
		};
/* End PBXContainerItemProxy section */

/* Begin PBXFileReference section */
		C96935482EF8C2FF0016F3D1 /* CDC-2010R.app */ = {isa = PBXFileReference; explicitFileType = wrapper.application; includeInIndex = 0; path = "CDC-2010R.app"; sourceTree = BUILT_PRODUCTS_DIR; };
		C96935552EF8C3010016F3D1 /* CDC-2010RTests.xctest */ = {isa = PBXFileReference; explicitFileType = wrapper.cfbundle; includeInIndex = 0; path = "CDC-2010RTests.xctest"; sourceTree = BUILT_PRODUCTS_DIR; };
		C969355F2EF8C3010016F3D1 /* CDC-2010RUITests.xctest */ = {isa = PBXFileReference; explicitFileType = wrapper.cfbundle; includeInIndex = 0; path = "CDC-2010RUITests.xctest"; sourceTree = BUILT_PRODUCTS_DIR; };
/* End PBXFileReference section */

/* Begin PBXFileSystemSynchronizedRootGroup section */
		C969354A2EF8C2FF0016F3D1 /* CDC-2010R */ = {
			isa = PBXFileSystemSynchronizedRootGroup;
			path = "CDC-2010R";
			sourceTree = "<group>";
		};
		C96935582EF8C3010016F3D1 /* CDC-2010RTests */ = {
			isa = PBXFileSystemSynchronizedRootGroup;
			path = "CDC-2010RTests";
			sourceTree = "<group>";
		};
		C96935622EF8C3010016F3D1 /* CDC-2010RUITests */ = {
			isa = PBXFileSystemSynchronizedRootGroup;
			path = "CDC-2010RUITests";
			sourceTree = "<group>";
		};
/* End PBXFileSystemSynchronizedRootGroup section */

/* Begin PBXFrameworksBuildPhase section */
		C96935452EF8C2FF0016F3D1 /* Frameworks */ = {
			isa = PBXFrameworksBuildPhase;
			buildActionMask = 2147483647;
			files = (
			);
			runOnlyForDeploymentPostprocessing = 0;
		};
		C96935522EF8C3010016F3D1 /* Frameworks */ = {
			isa = PBXFrameworksBuildPhase;
			buildActionMask = 2147483647;
			files = (
			);
			runOnlyForDeploymentPostprocessing = 0;
		};
		C969355C2EF8C3010016F3D1 /* Frameworks */ = {
			isa = PBXFrameworksBuildPhase;
			buildActionMask = 2147483647;
			files = (
			);
			runOnlyForDeploymentPostprocessing = 0;
		};
/* End PBXFrameworksBuildPhase section */

/* Begin PBXGroup section */
		C969353F2EF8C2FF0016F3D1 = {
			isa = PBXGroup;
			children = (
				C969354A2EF8C2FF0016F3D1 /* CDC-2010R */,
				C96935582EF8C3010016F3D1 /* CDC-2010RTests */,
				C96935622EF8C3010016F3D1 /* CDC-2010RUITests */,
				C96935492EF8C2FF0016F3D1 /* Products */,
			);
			sourceTree = "<group>";
		};
		C96935492EF8C2FF0016F3D1 /* Products */ = {
			isa = PBXGroup;
			children = (
				C96935482EF8C2FF0016F3D1 /* CDC-2010R.app */,
				C96935552EF8C3010016F3D1 /* CDC-2010RTests.xctest */,
				C969355F2EF8C3010016F3D1 /* CDC-2010RUITests.xctest */,
			);
			name = Products;
			sourceTree = "<group>";
		};
/* End PBXGroup section */

/* Begin PBXNativeTarget section */
		C96935472EF8C2FF0016F3D1 /* CDC-2010R */ = {
			isa = PBXNativeTarget;
			buildConfigurationList = C96935692EF8C3010016F3D1 /* Build configuration list for PBXNativeTarget "CDC-2010R" */;
			buildPhases = (
				C96935442EF8C2FF0016F3D1 /* Sources */,
				C96935452EF8C2FF0016F3D1 /* Frameworks */,
				C96935462EF8C2FF0016F3D1 /* Resources */,
			);
			buildRules = (
			);
			dependencies = (
			);
			fileSystemSynchronizedGroups = (
				C969354A2EF8C2FF0016F3D1 /* CDC-2010R */,
			);
			name = "CDC-2010R";
			packageProductDependencies = (
			);
			productName = "CDC-2010R";
			productReference = C96935482EF8C2FF0016F3D1 /* CDC-2010R.app */;
			productType = "com.apple.product-type.application";
		};
		C96935542EF8C3010016F3D1 /* CDC-2010RTests */ = {
			isa = PBXNativeTarget;
			buildConfigurationList = C969356C2EF8C3010016F3D1 /* Build configuration list for PBXNativeTarget "CDC-2010RTests" */;
			buildPhases = (
				C96935512EF8C3010016F3D1 /* Sources */,
				C96935522EF8C3010016F3D1 /* Frameworks */,
				C96935532EF8C3010016F3D1 /* Resources */,
			);
			buildRules = (
			);
			dependencies = (
				C96935572EF8C3010016F3D1 /* PBXTargetDependency */,
			);
			fileSystemSynchronizedGroups = (
				C96935582EF8C3010016F3D1 /* CDC-2010RTests */,
			);
			name = "CDC-2010RTests";
			packageProductDependencies = (
			);
			productName = "CDC-2010RTests";
			productReference = C96935552EF8C3010016F3D1 /* CDC-2010RTests.xctest */;
			productType = "com.apple.product-type.bundle.unit-test";
		};
		C969355E2EF8C3010016F3D1 /* CDC-2010RUITests */ = {
			isa = PBXNativeTarget;
			buildConfigurationList = C969356F2EF8C3010016F3D1 /* Build configuration list for PBXNativeTarget "CDC-2010RUITests" */;
			buildPhases = (
				C969355B2EF8C3010016F3D1 /* Sources */,
				C969355C2EF8C3010016F3D1 /* Frameworks */,
				C969355D2EF8C3010016F3D1 /* Resources */,
			);
			buildRules = (
			);
			dependencies = (
				C96935612EF8C3010016F3D1 /* PBXTargetDependency */,
			);
			fileSystemSynchronizedGroups = (
				C96935622EF8C3010016F3D1 /* CDC-2010RUITests */,
			);
			name = "CDC-2010RUITests";
			packageProductDependencies = (
			);
			productName = "CDC-2010RUITests";
			productReference = C969355F2EF8C3010016F3D1 /* CDC-2010RUITests.xctest */;
			productType = "com.apple.product-type.bundle.ui-testing";
		};
/* End PBXNativeTarget section */

/* Begin PBXProject section */
		C96935402EF8C2FF0016F3D1 /* Project object */ = {
			isa = PBXProject;
			attributes = {
				BuildIndependentTargetsInParallel = 1;
				LastSwiftUpdateCheck = 2620;
				LastUpgradeCheck = 2620;
				TargetAttributes = {
					C96935472EF8C2FF0016F3D1 = {
						CreatedOnToolsVersion = 26.2;
					};
					C96935542EF8C3010016F3D1 = {
						CreatedOnToolsVersion = 26.2;
						TestTargetID = C96935472EF8C2FF0016F3D1;
					};
					C969355E2EF8C3010016F3D1 = {
						CreatedOnToolsVersion = 26.2;
						TestTargetID = C96935472EF8C2FF0016F3D1;
					};
				};
			};
			buildConfigurationList = C96935432EF8C2FF0016F3D1 /* Build configuration list for PBXProject "CDC-2010R" */;
			developmentRegion = en;
			hasScannedForEncodings = 0;
			knownRegions = (
				en,
				Base,
			);
			mainGroup = C969353F2EF8C2FF0016F3D1;
			minimizedProjectReferenceProxies = 1;
			preferredProjectObjectVersion = 77;
			productRefGroup = C96935492EF8C2FF0016F3D1 /* Products */;
			projectDirPath = "";
			projectRoot = "";
			targets = (
				C96935472EF8C2FF0016F3D1 /* CDC-2010R */,
				C96935542EF8C3010016F3D1 /* CDC-2010RTests */,
				C969355E2EF8C3010016F3D1 /* CDC-2010RUITests */,
			);
		};
/* End PBXProject section */

/* Begin PBXResourcesBuildPhase section */
		C96935462EF8C2FF0016F3D1 /* Resources */ = {
			isa = PBXResourcesBuildPhase;
			buildActionMask = 2147483647;
			files = (
			);
			runOnlyForDeploymentPostprocessing = 0;
		};
		C96935532EF8C3010016F3D1 /* Resources */ = {
			isa = PBXResourcesBuildPhase;
			buildActionMask = 2147483647;
			files = (
			);
			runOnlyForDeploymentPostprocessing = 0;
		};
		C969355D2EF8C3010016F3D1 /* Resources */ = {
			isa = PBXResourcesBuildPhase;
			buildActionMask = 2147483647;
			files = (
			);
			runOnlyForDeploymentPostprocessing = 0;
		};
/* End PBXResourcesBuildPhase section */

/* Begin PBXSourcesBuildPhase section */
		C96935442EF8C2FF0016F3D1 /* Sources */ = {
			isa = PBXSourcesBuildPhase;
			buildActionMask = 2147483647;
			files = (
			);
			runOnlyForDeploymentPostprocessing = 0;
		};
		C96935512EF8C3010016F3D1 /* Sources */ = {
			isa = PBXSourcesBuildPhase;
			buildActionMask = 2147483647;
			files = (
			);
			runOnlyForDeploymentPostprocessing = 0;
		};
		C969355B2EF8C3010016F3D1 /* Sources */ = {
			isa = PBXSourcesBuildPhase;
			buildActionMask = 2147483647;
			files = (
			);
			runOnlyForDeploymentPostprocessing = 0;
		};
/* End PBXSourcesBuildPhase section */

/* Begin PBXTargetDependency section */
		C96935572EF8C3010016F3D1 /* PBXTargetDependency */ = {
			isa = PBXTargetDependency;
			target = C96935472EF8C2FF0016F3D1 /* CDC-2010R */;
			targetProxy = C96935562EF8C3010016F3D1 /* PBXContainerItemProxy */;
		};
		C96935612EF8C3010016F3D1 /* PBXTargetDependency */ = {
			isa = PBXTargetDependency;
			target = C96935472EF8C2FF0016F3D1 /* CDC-2010R */;
			targetProxy = C96935602EF8C3010016F3D1 /* PBXContainerItemProxy */;
		};
/* End PBXTargetDependency section */

/* Begin XCBuildConfiguration section */
		C96935672EF8C3010016F3D1 /* Debug */ = {
			isa = XCBuildConfiguration;
			buildSettings = {
				ALWAYS_SEARCH_USER_PATHS = NO;
				ASSETCATALOG_COMPILER_GENERATE_SWIFT_ASSET_SYMBOL_EXTENSIONS = YES;
				CLANG_ANALYZER_NONNULL = YES;
				CLANG_ANALYZER_NUMBER_OBJECT_CONVERSION = YES_AGGRESSIVE;
				CLANG_CXX_LANGUAGE_STANDARD = "gnu++20";
				CLANG_ENABLE_MODULES = YES;
				CLANG_ENABLE_OBJC_ARC = YES;
				CLANG_ENABLE_OBJC_WEAK = YES;
				CLANG_WARN_BLOCK_CAPTURE_AUTORELEASING = YES;
				CLANG_WARN_BOOL_CONVERSION = YES;
				CLANG_WARN_COMMA = YES;
				CLANG_WARN_CONSTANT_CONVERSION = YES;
				CLANG_WARN_DEPRECATED_OBJC_IMPLEMENTATIONS = YES;
				CLANG_WARN_DIRECT_OBJC_ISA_USAGE = YES_ERROR;
				CLANG_WARN_DOCUMENTATION_COMMENTS = YES;
				CLANG_WARN_EMPTY_BODY = YES;
				CLANG_WARN_ENUM_CONVERSION = YES;
				CLANG_WARN_INFINITE_RECURSION = YES;
				CLANG_WARN_INT_CONVERSION = YES;
				CLANG_WARN_NON_LITERAL_NULL_CONVERSION = YES;
				CLANG_WARN_OBJC_IMPLICIT_RETAIN_SELF = YES;
				CLANG_WARN_OBJC_LITERAL_CONVERSION = YES;
				CLANG_WARN_OBJC_ROOT_CLASS = YES_ERROR;
				CLANG_WARN_QUOTED_INCLUDE_IN_FRAMEWORK_HEADER = YES;
				CLANG_WARN_RANGE_LOOP_ANALYSIS = YES;
				CLANG_WARN_STRICT_PROTOTYPES = YES;
				CLANG_WARN_SUSPICIOUS_MOVE = YES;
				CLANG_WARN_UNGUARDED_AVAILABILITY = YES_AGGRESSIVE;
				CLANG_WARN_UNREACHABLE_CODE = YES;
				CLANG_WARN__DUPLICATE_METHOD_MATCH = YES;
				COPY_PHASE_STRIP = NO;
				DEBUG_INFORMATION_FORMAT = dwarf;
				ENABLE_STRICT_OBJC_MSGSEND = YES;
				ENABLE_TESTABILITY = YES;
				ENABLE_USER_SCRIPT_SANDBOXING = YES;
				GCC_C_LANGUAGE_STANDARD = gnu17;
				GCC_DYNAMIC_NO_PIC = NO;
				GCC_NO_COMMON_BLOCKS = YES;
				GCC_OPTIMIZATION_LEVEL = 0;
				GCC_PREPROCESSOR_DEFINITIONS = (
					"DEBUG=1",
					"$(inherited)",
				);
				GCC_WARN_64_TO_32_BIT_CONVERSION = YES;
				GCC_WARN_ABOUT_RETURN_TYPE = YES_ERROR;
				GCC_WARN_UNDECLARED_SELECTOR = YES;
				GCC_WARN_UNINITIALIZED_AUTOS = YES_AGGRESSIVE;
				GCC_WARN_UNUSED_FUNCTION = YES;
				GCC_WARN_UNUSED_VARIABLE = YES;
				LOCALIZATION_PREFERS_STRING_CATALOGS = YES;
				MACOSX_DEPLOYMENT_TARGET = 26.1;
				MTL_ENABLE_DEBUG_INFO = INCLUDE_SOURCE;
				MTL_FAST_MATH = YES;
				ONLY_ACTIVE_ARCH = YES;
				SDKROOT = macosx;
				SWIFT_ACTIVE_COMPILATION_CONDITIONS = "DEBUG $(inherited)";
				SWIFT_OPTIMIZATION_LEVEL = "-Onone";
			};
			name = Debug;
		};
		C96935682EF8C3010016F3D1 /* Release */ = {
			isa = XCBuildConfiguration;
			buildSettings = {
				ALWAYS_SEARCH_USER_PATHS = NO;
				ASSETCATALOG_COMPILER_GENERATE_SWIFT_ASSET_SYMBOL_EXTENSIONS = YES;
				CLANG_ANALYZER_NONNULL = YES;
				CLANG_ANALYZER_NUMBER_OBJECT_CONVERSION = YES_AGGRESSIVE;
				CLANG_CXX_LANGUAGE_STANDARD = "gnu++20";
				CLANG_ENABLE_MODULES = YES;
				CLANG_ENABLE_OBJC_ARC = YES;
				CLANG_ENABLE_OBJC_WEAK = YES;
				CLANG_WARN_BLOCK_CAPTURE_AUTORELEASING = YES;
				CLANG_WARN_BOOL_CONVERSION = YES;
				CLANG_WARN_COMMA = YES;
				CLANG_WARN_CONSTANT_CONVERSION = YES;
				CLANG_WARN_DEPRECATED_OBJC_IMPLEMENTATIONS = YES;
				CLANG_WARN_DIRECT_OBJC_ISA_USAGE = YES_ERROR;
				CLANG_WARN_DOCUMENTATION_COMMENTS = YES;
				CLANG_WARN_EMPTY_BODY = YES;
				CLANG_WARN_ENUM_CONVERSION = YES;
				CLANG_WARN_INFINITE_RECURSION = YES;
				CLANG_WARN_INT_CONVERSION = YES;
				CLANG_WARN_NON_LITERAL_NULL_CONVERSION = YES;
				CLANG_WARN_OBJC_IMPLICIT_RETAIN_SELF = YES;
				CLANG_WARN_OBJC_LITERAL_CONVERSION = YES;
				CLANG_WARN_OBJC_ROOT_CLASS = YES_ERROR;
				CLANG_WARN_QUOTED_INCLUDE_IN_FRAMEWORK_HEADER = YES;
				CLANG_WARN_RANGE_LOOP_ANALYSIS = YES;
				CLANG_WARN_STRICT_PROTOTYPES = YES;
				CLANG_WARN_SUSPICIOUS_MOVE = YES;
				CLANG_WARN_UNGUARDED_AVAILABILITY = YES_AGGRESSIVE;
				CLANG_WARN_UNREACHABLE_CODE = YES;
				CLANG_WARN__DUPLICATE_METHOD_MATCH = YES;
				COPY_PHASE_STRIP = NO;
				DEBUG_INFORMATION_FORMAT = "dwarf-with-dsym";
				ENABLE_NS_ASSERTIONS = NO;
				ENABLE_STRICT_OBJC_MSGSEND = YES;
				ENABLE_USER_SCRIPT_SANDBOXING = YES;
				GCC_C_LANGUAGE_STANDARD = gnu17;
				GCC_NO_COMMON_BLOCKS = YES;
				GCC_WARN_64_TO_32_BIT_CONVERSION = YES;
				GCC_WARN_ABOUT_RETURN_TYPE = YES_ERROR;
				GCC_WARN_UNDECLARED_SELECTOR = YES;
				GCC_WARN_UNINITIALIZED_AUTOS = YES_AGGRESSIVE;
				GCC_WARN_UNUSED_FUNCTION = YES;
				GCC_WARN_UNUSED_VARIABLE = YES;
				LOCALIZATION_PREFERS_STRING_CATALOGS = YES;
				MACOSX_DEPLOYMENT_TARGET = 26.1;
				MTL_ENABLE_DEBUG_INFO = NO;
				MTL_FAST_MATH = YES;
				SDKROOT = macosx;
				SWIFT_COMPILATION_MODE = wholemodule;
			};
			name = Release;
		};
		C969356A2EF8C3010016F3D1 /* Debug */ = {
			isa = XCBuildConfiguration;
			buildSettings = {
				ASSETCATALOG_COMPILER_APPICON_NAME = AppIcon;
				ASSETCATALOG_COMPILER_GLOBAL_ACCENT_COLOR_NAME = AccentColor;
				CODE_SIGN_ENTITLEMENTS = "CDC-2010R/CDC-2010R.entitlements";
				"CODE_SIGN_IDENTITY[sdk=macosx*]" = "Apple Development";
				CODE_SIGN_STYLE = Automatic;
				COMBINE_HIDPI_IMAGES = YES;
				CURRENT_PROJECT_VERSION = 1;
				DEVELOPMENT_TEAM = 4M6WMFA67U;
				ENABLE_APP_SANDBOX = YES;
				ENABLE_PREVIEWS = YES;
				ENABLE_USER_SELECTED_FILES = readonly;
				GENERATE_INFOPLIST_FILE = YES;
				INFOPLIST_KEY_NSAppleEventsUsageDescription = "CDC-2010R needs access to control Music for disc loading and playback.";
				INFOPLIST_KEY_NSHumanReadableCopyright = "";
				LD_RUNPATH_SEARCH_PATHS = (
					"$(inherited)",
					"@executable_path/../Frameworks",
				);
				MARKETING_VERSION = 1.0;
				PRODUCT_BUNDLE_IDENTIFIER = "fet.CDC-2010R";
				PRODUCT_NAME = "$(TARGET_NAME)";
				REGISTER_APP_GROUPS = YES;
				STRING_CATALOG_GENERATE_SYMBOLS = YES;
				SWIFT_APPROACHABLE_CONCURRENCY = YES;
				SWIFT_DEFAULT_ACTOR_ISOLATION = MainActor;
				SWIFT_EMIT_LOC_STRINGS = YES;
				SWIFT_UPCOMING_FEATURE_MEMBER_IMPORT_VISIBILITY = YES;
				SWIFT_VERSION = 5.0;
			};
			name = Debug;
		};
		C969356B2EF8C3010016F3D1 /* Release */ = {
			isa = XCBuildConfiguration;
			buildSettings = {
				ASSETCATALOG_COMPILER_APPICON_NAME = AppIcon;
				ASSETCATALOG_COMPILER_GLOBAL_ACCENT_COLOR_NAME = AccentColor;
				CODE_SIGN_ENTITLEMENTS = "CDC-2010R/CDC-2010R.entitlements";
				"CODE_SIGN_IDENTITY[sdk=macosx*]" = "Apple Development";
				CODE_SIGN_STYLE = Automatic;
				COMBINE_HIDPI_IMAGES = YES;
				CURRENT_PROJECT_VERSION = 1;
				DEVELOPMENT_TEAM = 4M6WMFA67U;
				ENABLE_APP_SANDBOX = YES;
				ENABLE_PREVIEWS = YES;
				ENABLE_USER_SELECTED_FILES = readonly;
				GENERATE_INFOPLIST_FILE = YES;
				INFOPLIST_KEY_NSAppleEventsUsageDescription = "CDC-2010R needs access to control Music for disc loading and playback.";
				INFOPLIST_KEY_NSHumanReadableCopyright = "";
				LD_RUNPATH_SEARCH_PATHS = (
					"$(inherited)",
					"@executable_path/../Frameworks",
				);
				MARKETING_VERSION = 1.0;
				PRODUCT_BUNDLE_IDENTIFIER = "fet.CDC-2010R";
				PRODUCT_NAME = "$(TARGET_NAME)";
				REGISTER_APP_GROUPS = YES;
				STRING_CATALOG_GENERATE_SYMBOLS = YES;
				SWIFT_APPROACHABLE_CONCURRENCY = YES;
				SWIFT_DEFAULT_ACTOR_ISOLATION = MainActor;
				SWIFT_EMIT_LOC_STRINGS = YES;
				SWIFT_UPCOMING_FEATURE_MEMBER_IMPORT_VISIBILITY = YES;
				SWIFT_VERSION = 5.0;
			};
			name = Release;
		};
		C969356D2EF8C3010016F3D1 /* Debug */ = {
			isa = XCBuildConfiguration;
			buildSettings = {
				BUNDLE_LOADER = "$(TEST_HOST)";
				CODE_SIGN_STYLE = Automatic;
				CURRENT_PROJECT_VERSION = 1;
				GENERATE_INFOPLIST_FILE = YES;
				MACOSX_DEPLOYMENT_TARGET = 26.1;
				MARKETING_VERSION = 1.0;
				PRODUCT_BUNDLE_IDENTIFIER = "fet.CDC-2010RTests";
				PRODUCT_NAME = "$(TARGET_NAME)";
				STRING_CATALOG_GENERATE_SYMBOLS = NO;
				SWIFT_APPROACHABLE_CONCURRENCY = YES;
				SWIFT_EMIT_LOC_STRINGS = NO;
				SWIFT_UPCOMING_FEATURE_MEMBER_IMPORT_VISIBILITY = YES;
				SWIFT_VERSION = 5.0;
				TEST_HOST = "$(BUILT_PRODUCTS_DIR)/CDC-2010R.app/$(BUNDLE_EXECUTABLE_FOLDER_PATH)/CDC-2010R";
			};
			name = Debug;
		};
		C969356E2EF8C3010016F3D1 /* Release */ = {
			isa = XCBuildConfiguration;
			buildSettings = {
				BUNDLE_LOADER = "$(TEST_HOST)";
				CODE_SIGN_STYLE = Automatic;
				CURRENT_PROJECT_VERSION = 1;
				GENERATE_INFOPLIST_FILE = YES;
				MACOSX_DEPLOYMENT_TARGET = 26.1;
				MARKETING_VERSION = 1.0;
				PRODUCT_BUNDLE_IDENTIFIER = "fet.CDC-2010RTests";
				PRODUCT_NAME = "$(TARGET_NAME)";
				STRING_CATALOG_GENERATE_SYMBOLS = NO;
				SWIFT_APPROACHABLE_CONCURRENCY = YES;
				SWIFT_EMIT_LOC_STRINGS = NO;
				SWIFT_UPCOMING_FEATURE_MEMBER_IMPORT_VISIBILITY = YES;
				SWIFT_VERSION = 5.0;
				TEST_HOST = "$(BUILT_PRODUCTS_DIR)/CDC-2010R.app/$(BUNDLE_EXECUTABLE_FOLDER_PATH)/CDC-2010R";
			};
			name = Release;
		};
		C96935702EF8C3010016F3D1 /* Debug */ = {
			isa = XCBuildConfiguration;
			buildSettings = {
				CODE_SIGN_STYLE = Automatic;
				CURRENT_PROJECT_VERSION = 1;
				GENERATE_INFOPLIST_FILE = YES;
				MARKETING_VERSION = 1.0;
				PRODUCT_BUNDLE_IDENTIFIER = "fet.CDC-2010RUITests";
				PRODUCT_NAME = "$(TARGET_NAME)";
				STRING_CATALOG_GENERATE_SYMBOLS = NO;
				SWIFT_APPROACHABLE_CONCURRENCY = YES;
				SWIFT_EMIT_LOC_STRINGS = NO;
				SWIFT_UPCOMING_FEATURE_MEMBER_IMPORT_VISIBILITY = YES;
				SWIFT_VERSION = 5.0;
				TEST_TARGET_NAME = "CDC-2010R";
			};
			name = Debug;
		};
		C96935712EF8C3010016F3D1 /* Release */ = {
			isa = XCBuildConfiguration;
			buildSettings = {
				CODE_SIGN_STYLE = Automatic;
				CURRENT_PROJECT_VERSION = 1;
				GENERATE_INFOPLIST_FILE = YES;
				MARKETING_VERSION = 1.0;
				PRODUCT_BUNDLE_IDENTIFIER = "fet.CDC-2010RUITests";
				PRODUCT_NAME = "$(TARGET_NAME)";
				STRING_CATALOG_GENERATE_SYMBOLS = NO;
				SWIFT_APPROACHABLE_CONCURRENCY = YES;
				SWIFT_EMIT_LOC_STRINGS = NO;
				SWIFT_UPCOMING_FEATURE_MEMBER_IMPORT_VISIBILITY = YES;
				SWIFT_VERSION = 5.0;
				TEST_TARGET_NAME = "CDC-2010R";
			};
			name = Release;
		};
/* End XCBuildConfiguration section */

/* Begin XCConfigurationList section */
		C96935432EF8C2FF0016F3D1 /* Build configuration list for PBXProject "CDC-2010R" */ = {
			isa = XCConfigurationList;
			buildConfigurations = (
				C96935672EF8C3010016F3D1 /* Debug */,
				C96935682EF8C3010016F3D1 /* Release */,
			);
			defaultConfigurationIsVisible = 0;
			defaultConfigurationName = Release;
		};
		C96935692EF8C3010016F3D1 /* Build configuration list for PBXNativeTarget "CDC-2010R" */ = {
			isa = XCConfigurationList;
			buildConfigurations = (
				C969356A2EF8C3010016F3D1 /* Debug */,
				C969356B2EF8C3010016F3D1 /* Release */,
			);
			defaultConfigurationIsVisible = 0;
			defaultConfigurationName = Release;
		};
		C969356C2EF8C3010016F3D1 /* Build configuration list for PBXNativeTarget "CDC-2010RTests" */ = {
			isa = XCConfigurationList;
			buildConfigurations = (
				C969356D2EF8C3010016F3D1 /* Debug */,
				C969356E2EF8C3010016F3D1 /* Release */,
			);
			defaultConfigurationIsVisible = 0;
			defaultConfigurationName = Release;
		};
		C969356F2EF8C3010016F3D1 /* Build configuration list for PBXNativeTarget "CDC-2010RUITests" */ = {
			isa = XCConfigurationList;
			buildConfigurations = (
				C96935702EF8C3010016F3D1 /* Debug */,
				C96935712EF8C3010016F3D1 /* Release */,
			);
			defaultConfigurationIsVisible = 0;
			defaultConfigurationName = Release;
		};
/* End XCConfigurationList section */
	};
	rootObject = C96935402EF8C2FF0016F3D1 /* Project object */;
}
